PODS:
  - Flutter (1.0.0)
  - flutter_native_splash (2.4.3):
    - Flutter
  - PostHog (3.21.0)
  - posthog_flutter (0.0.1):
    - Flutter
    - FlutterMacOS
    - PostHog (= 3.21.0)

DEPENDENCIES:
  - Flutter (from `Flutter`)
  - flutter_native_splash (from `.symlinks/plugins/flutter_native_splash/ios`)
  - posthog_flutter (from `.symlinks/plugins/posthog_flutter/ios`)

SPEC REPOS:
  trunk:
    - PostHog

EXTERNAL SOURCES:
  Flutter:
    :path: Flutter
  flutter_native_splash:
    :path: ".symlinks/plugins/flutter_native_splash/ios"
  posthog_flutter:
    :path: ".symlinks/plugins/posthog_flutter/ios"

SPEC CHECKSUMS:
  Flutter: e0871f40cf51350855a761d2e70bf5af5b9b5de7
  flutter_native_splash: df59bb2e1421aa0282cb2e95618af4dcb0c56c29
  PostHog: 8394fade16f5cfd92fe2a9d34c29dd9e5304da03
  posthog_flutter: 4de6ae5a64b31869603e193ed152a2f89b648ba1

PODFILE CHECKSUM: f49117274950186cdd3b8fb331a9af70cc31a2b0

COCOAPODS: 1.15.2
